
Microsoft Visual Studio Solution File, Format Version 12.00
# Visual Studio Version 16
VisualStudioVersion = 16.0.30503.244
MinimumVisualStudioVersion = 10.0.40219.1
Project("{FAE04EC0-301F-11D3-BF4B-00C04F79EFBC}") = "alaa1", "alaa1\alaa1.csproj", "{F1CFAA48-BE39-409C-A273-B8891392F4C0}"
EndProject
Global
	GlobalSection(SolutionConfigurationPlatforms) = preSolution
		Debug|Any CPU = Debug|Any CPU
		Release|Any CPU = Release|Any CPU
	EndGlobalSection
	GlobalSection(ProjectConfigurationPlatforms) = postSolution
		{F1CFAA48-BE39-409C-A273-B8891392F4C0}.Debug|Any CPU.ActiveCfg = Debug|Any CPU
		{F1CFAA48-BE39-409C-A273-B8891392F4C0}.Debug|Any CPU.Build.0 = Debug|Any CPU
		{F1CFAA48-BE39-409C-A273-B8891392F4C0}.Release|Any CPU.ActiveCfg = Release|Any CPU
		{F1CFAA48-BE39-409C-A273-B8891392F4C0}.Release|Any CPU.Build.0 = Release|Any CPU
	EndGlobalSection
	GlobalSection(SolutionProperties) = preSolution
		HideSolutionNode = FALSE
	EndGlobalSection
	GlobalSection(ExtensibilityGlobals) = postSolution
		SolutionGuid = {F7025AD9-392A-4A80-9DC6-F85C645A2F74}
	EndGlobalSection
EndGlobal
